Microsoft Visual Studio Solution File, Format Version 12.00
# Visual Studio Version 17
VisualStudioVersion = 17.5.2.0
MinimumVisualStudioVersion = 10.0.40219.1
Project("{FAE04EC0-301F-11D3-BF4B-00C04F79EFBC}") = "HtmlToPdfApp", "HtmlToPdfApp.csproj", "{3FF6C1F7-FAC4-C9D3-D826-5D55A1309151}"
EndProject
Global
	GlobalSection(SolutionConfigurationPlatforms) = preSolution
		Debug|Any CPU = Debug|Any CPU
		Release|Any CPU = Release|Any CPU
	EndGlobalSection
	GlobalSection(ProjectConfigurationPlatforms) = postSolution
		{3FF6C1F7-FAC4-C9D3-D826-5D55A1309151}.Debug|Any CPU.ActiveCfg = Debug|Any CPU
		{3FF6C1F7-FAC4-C9D3-D826-5D55A1309151}.Debug|Any CPU.Build.0 = Debug|Any CPU
		{3FF6C1F7-FAC4-C9D3-D826-5D55A1309151}.Release|Any CPU.ActiveCfg = Release|Any CPU
		{3FF6C1F7-FAC4-C9D3-D826-5D55A1309151}.Release|Any CPU.Build.0 = Release|Any CPU
	EndGlobalSection
	GlobalSection(SolutionProperties) = preSolution
		HideSolutionNode = FALSE
	EndGlobalSection
	GlobalSection(ExtensibilityGlobals) = postSolution
		SolutionGuid = {14EF4183-A5FB-4FD1-95D9-779D0C860C27}
	EndGlobalSection
EndGlobal
